lockfileVersion: '6.0'

settings:
  autoInstallPeers: true
  excludeLinksFromLockfile: false

dependencies:
  '@iiif/builder':
    specifier: ^2.0.1
    version: 2.0.1

devDependencies:
  '@types/bun':
    specifier: latest
    version: 1.1.16

packages:

  /@iiif/builder@2.0.1:
    resolution: {integrity: sha512-9Wlxi1qn0GfvkFWxlZEuMkFGOKpZtcN/1t1zzYnOMy7OOssBNTQvao7zDZlCmtdimZ4QtQ/MMiC0z+oKI2Ax/Q==}
    dependencies:
      '@iiif/helpers': 1.3.1(@iiif/parser@2.1.7)
      '@iiif/parser': 2.1.7
      '@iiif/presentation-3': 2.2.3
      '@iiif/presentation-3-normalized': 0.9.7
    dev: false

  /@iiif/helpers@1.3.1(@iiif/parser@2.1.7):
    resolution: {integrity: sha512-zVqgvvrUhKVq8JR1Gz8VXp+dD3SDdleAg/yJfGJ7cFvqFXiNQRtgY1ZbKxUfj/5ej5w5pgD/UuFF+E2CjcbxwQ==}
    peerDependencies:
      '@iiif/parser': ^2.1.7
    dependencies:
      '@iiif/parser': 2.1.7
      '@iiif/presentation-2': 1.0.4(@iiif/presentation-3@2.2.3)
      '@iiif/presentation-3': 2.2.3
      '@iiif/presentation-3-normalized': 0.9.7
      '@types/geojson': 7946.0.13
    optionalDependencies:
      abs-svg-path: 0.1.1
      parse-svg-path: 0.1.2
      svg-arc-to-cubic-bezier: 3.2.0
    dev: false

  /@iiif/parser@2.1.7:
    resolution: {integrity: sha512-a3NrHOdW6RbmUeBCFJ751FBBuzS251O7owbRjUHUvRRs9GoFwNIDk5slh9qP5FFHycIbuyWjyl1lIxbikxAq/g==}
    dependencies:
      '@iiif/presentation-2': 1.0.4(@iiif/presentation-3@2.2.3)
      '@iiif/presentation-3': 2.2.3
      '@iiif/presentation-3-normalized': 0.9.7
      '@types/geojson': 7946.0.15
    dev: false

  /@iiif/presentation-2@1.0.4(@iiif/presentation-3@2.2.3):
    resolution: {integrity: sha512-hJakpq62VBajesLJrYPtFm6hcn6c/HkKP7CmKZ5atuzu40m0nifWYsqigR1l9sZGvhhHb/DRshPmiW/0GNrJoA==}
    peerDependencies:
      '@iiif/presentation-3': '*'
    dependencies:
      '@iiif/presentation-3': 2.2.3
    dev: false

  /@iiif/presentation-3-normalized@0.9.7:
    resolution: {integrity: sha512-Aqk0sYBFIH5W3wmVxW02tnAFbNzUU5oPygGQjvszB3PP2nSkFQ1skVjqJhQPPZTyi/de1qcJUrgSy0vp6s+c5A==}
    dependencies:
      '@iiif/presentation-3': 2.2.3
    dev: false

  /@iiif/presentation-3@2.2.3:
    resolution: {integrity: sha512-xCLbUr9euqegsrxGe65M2fWbv6gKpiUhHXCpOn+V+qtawkMbOSNWbYOISo2aLQdYVg4DGYD0g2bMzSCF33uNOQ==}
    dependencies:
      '@types/geojson': 7946.0.15
    dev: false

  /@types/bun@1.1.16:
    resolution: {integrity: sha512-E+ue6NMcn4FXC5bDRE1W/BXUVs01h5Mt02qH8/8HGCox9akuh8KNOFdwvaQS9TDgT2RmUyJYFRRqA60WtTnm2g==}
    dependencies:
      bun-types: 1.1.43
    dev: true

  /@types/geojson@7946.0.13:
    resolution: {integrity: sha512-bmrNrgKMOhM3WsafmbGmC+6dsF2Z308vLFsQ3a/bT8X8Sv5clVYpPars/UPq+sAaJP+5OoLAYgwbkS5QEJdLUQ==}
    dev: false

  /@types/geojson@7946.0.15:
    resolution: {integrity: sha512-9oSxFzDCT2Rj6DfcHF8G++jxBKS7mBqXl5xrRW+Kbvjry6Uduya2iiwqHPhVXpasAVMBYKkEPGgKhd3+/HZ6xA==}
    dev: false

  /@types/node@20.12.14:
    resolution: {integrity: sha512-scnD59RpYD91xngrQQLGkE+6UrHUPzeKZWhhjBSa3HSkwjbQc38+q3RoIVEwxQGRw3M+j5hpNAM+lgV3cVormg==}
    dependencies:
      undici-types: 5.26.5
    dev: true

  /@types/ws@8.5.13:
    resolution: {integrity: sha512-osM/gWBTPKgHV8XkTunnegTRIsvF6owmf5w+JtAfOw472dptdm0dlGv4xCt6GwQRcC2XVOvvRE/0bAoQcL2QkA==}
    dependencies:
      '@types/node': 20.12.14
    dev: true

  /abs-svg-path@0.1.1:
    resolution: {integrity: sha512-d8XPSGjfyzlXC3Xx891DJRyZfqk5JU0BJrDQcsWomFIV1/BIzPW5HDH5iDdWpqWaav0YVIEzT1RHTwWr0FFshA==}
    requiresBuild: true
    dev: false
    optional: true

  /bun-types@1.1.43:
    resolution: {integrity: sha512-W0wCtVH+bwFp7p3Zgs03CqxEDmXxEvmmUM/FBKgWIv9T8gyeotvIjIbHzuDScc2DphhRNtr7hJLCR5PspYL5qw==}
    dependencies:
      '@types/node': 20.12.14
      '@types/ws': 8.5.13
    dev: true

  /parse-svg-path@0.1.2:
    resolution: {integrity: sha512-JyPSBnkTJ0AI8GGJLfMXvKq42cj5c006fnLz6fXy6zfoVjJizi8BNTpu8on8ziI1cKy9d9DGNuY17Ce7wuejpQ==}
    requiresBuild: true
    dev: false
    optional: true

  /svg-arc-to-cubic-bezier@3.2.0:
    resolution: {integrity: sha512-djbJ/vZKZO+gPoSDThGNpKDO+o+bAeA4XQKovvkNCqnIS2t+S4qnLAGQhyyrulhCFRl1WWzAp0wUDV8PpTVU3g==}
    requiresBuild: true
    dev: false
    optional: true

  /undici-types@5.26.5:
    resolution: {integrity: sha512-JlCMO+ehdEIKqlFxk6IfVoAUVmgz7cU7zD/h9XZ0qzeosSHmUJVOzSQvvYSYWXkFXC+IfLKSIffhv0sVZup6pA==}
    dev: true
